
Microsoft Visual Studio Solution File, Format Version 12.00
# Visual Studio Version 17
VisualStudioVersion = 17.10.35027.167
MinimumVisualStudioVersion = 10.0.40219.1
Project("{FAE04EC0-301F-11D3-BF4B-00C04F79EFBC}") = "bai1", "bai1.csproj", "{84C7162F-A083-4C06-9050-0C9A8DEA7975}"
EndProject
Project("{FAE04EC0-301F-11D3-BF4B-00C04F79EFBC}") = "server-test", "..\server-test\server-test.csproj", "{28482BE4-6008-49F7-BEA0-A0ECC0263E12}"
EndProject
Project("{FAE04EC0-301F-11D3-BF4B-00C04F79EFBC}") = "client-test", "..\client-test\client-test.csproj", "{A8309ADA-5749-452C-90DA-21729A3A94C1}"
EndProject
Project("{FAE04EC0-301F-11D3-BF4B-00C04F79EFBC}") = "udp-server-test", "..\udp-server-test\udp-server-test.csproj", "{4FB3594A-B4D3-4EA6-BB35-7C9040315298}"
EndProject
Project("{FAE04EC0-301F-11D3-BF4B-00C04F79EFBC}") = "udp-client-test", "..\udp-client-test\udp-client-test.csproj", "{5DDF739C-BD07-4FA9-A1C2-A1F4E9D9B7F2}"
EndProject
Global
	GlobalSection(SolutionConfigurationPlatforms) = preSolution
		Debug|Any CPU = Debug|Any CPU
		Release|Any CPU = Release|Any CPU
	EndGlobalSection
	GlobalSection(ProjectConfigurationPlatforms) = postSolution
		{84C7162F-A083-4C06-9050-0C9A8DEA7975}.Debug|Any CPU.ActiveCfg = Debug|Any CPU
		{84C7162F-A083-4C06-9050-0C9A8DEA7975}.Debug|Any CPU.Build.0 = Debug|Any CPU
		{84C7162F-A083-4C06-9050-0C9A8DEA7975}.Release|Any CPU.ActiveCfg = Release|Any CPU
		{84C7162F-A083-4C06-9050-0C9A8DEA7975}.Release|Any CPU.Build.0 = Release|Any CPU
		{28482BE4-6008-49F7-BEA0-A0ECC0263E12}.Debug|Any CPU.ActiveCfg = Debug|Any CPU
		{28482BE4-6008-49F7-BEA0-A0ECC0263E12}.Debug|Any CPU.Build.0 = Debug|Any CPU
		{28482BE4-6008-49F7-BEA0-A0ECC0263E12}.Release|Any CPU.ActiveCfg = Release|Any CPU
		{28482BE4-6008-49F7-BEA0-A0ECC0263E12}.Release|Any CPU.Build.0 = Release|Any CPU
		{A8309ADA-5749-452C-90DA-21729A3A94C1}.Debug|Any CPU.ActiveCfg = Debug|Any CPU
		{A8309ADA-5749-452C-90DA-21729A3A94C1}.Debug|Any CPU.Build.0 = Debug|Any CPU
		{A8309ADA-5749-452C-90DA-21729A3A94C1}.Release|Any CPU.ActiveCfg = Release|Any CPU
		{A8309ADA-5749-452C-90DA-21729A3A94C1}.Release|Any CPU.Build.0 = Release|Any CPU
		{4FB3594A-B4D3-4EA6-BB35-7C9040315298}.Debug|Any CPU.ActiveCfg = Debug|Any CPU
		{4FB3594A-B4D3-4EA6-BB35-7C9040315298}.Debug|Any CPU.Build.0 = Debug|Any CPU
		{4FB3594A-B4D3-4EA6-BB35-7C9040315298}.Release|Any CPU.ActiveCfg = Release|Any CPU
		{4FB3594A-B4D3-4EA6-BB35-7C9040315298}.Release|Any CPU.Build.0 = Release|Any CPU
		{5DDF739C-BD07-4FA9-A1C2-A1F4E9D9B7F2}.Debug|Any CPU.ActiveCfg = Debug|Any CPU
		{5DDF739C-BD07-4FA9-A1C2-A1F4E9D9B7F2}.Debug|Any CPU.Build.0 = Debug|Any CPU
		{5DDF739C-BD07-4FA9-A1C2-A1F4E9D9B7F2}.Release|Any CPU.ActiveCfg = Release|Any CPU
		{5DDF739C-BD07-4FA9-A1C2-A1F4E9D9B7F2}.Release|Any CPU.Build.0 = Release|Any CPU
	EndGlobalSection
	GlobalSection(SolutionProperties) = preSolution
		HideSolutionNode = FALSE
	EndGlobalSection
	GlobalSection(ExtensibilityGlobals) = postSolution
		SolutionGuid = {F0396C69-6EDB-44D5-8807-EC70CDA630F2}
	EndGlobalSection
EndGlobal
